
Microsoft Visual Studio Solution File, Format Version 12.00
# Visual Studio Version 16
VisualStudioVersion = 16.0.30816.121
MinimumVisualStudioVersion = 10.0.40219.1
Project("{FAE04EC0-301F-11D3-BF4B-00C04F79EFBC}") = "SinavOlusturma", "SinavOlusturma\SinavOlusturma.csproj", "{1D84731F-29AE-43F1-AE7D-75E9F7D91A86}"
EndProject
Global
	GlobalSection(SolutionConfigurationPlatforms) = preSolution
		Debug|Any CPU = Debug|Any CPU
		Release|Any CPU = Release|Any CPU
	EndGlobalSection
	GlobalSection(ProjectConfigurationPlatforms) = postSolution
		{1D84731F-29AE-43F1-AE7D-75E9F7D91A86}.Debug|Any CPU.ActiveCfg = Debug|Any CPU
		{1D84731F-29AE-43F1-AE7D-75E9F7D91A86}.Debug|Any CPU.Build.0 = Debug|Any CPU
		{1D84731F-29AE-43F1-AE7D-75E9F7D91A86}.Release|Any CPU.ActiveCfg = Release|Any CPU
		{1D84731F-29AE-43F1-AE7D-75E9F7D91A86}.Release|Any CPU.Build.0 = Release|Any CPU
	EndGlobalSection
	GlobalSection(SolutionProperties) = preSolution
		HideSolutionNode = FALSE
	EndGlobalSection
	GlobalSection(ExtensibilityGlobals) = postSolution
		SolutionGuid = {A80C826C-F83E-4577-B11F-CD28B8695F89}
	EndGlobalSection
EndGlobal
